
Microsoft Visual Studio Solution File, Format Version 12.00
# Visual Studio Version 17
VisualStudioVersion = 17.14.36908.2 d17.14
MinimumVisualStudioVersion = 10.0.40219.1
Project("{FAE04EC0-301F-11D3-BF4B-00C04F79EFBC}") = "MyWorkoutDiary", "MyWorkoutDiary\MyWorkoutDiary.csproj", "{459542AF-FB64-4789-8B30-4DACD9B0BC0F}"
EndProject
Global
	GlobalSection(SolutionConfigurationPlatforms) = preSolution
		Debug|Any CPU = Debug|Any CPU
		Release|Any CPU = Release|Any CPU
	EndGlobalSection
	GlobalSection(ProjectConfigurationPlatforms) = postSolution
		{459542AF-FB64-4789-8B30-4DACD9B0BC0F}.Debug|Any CPU.ActiveCfg = Debug|Any CPU
		{459542AF-FB64-4789-8B30-4DACD9B0BC0F}.Debug|Any CPU.Build.0 = Debug|Any CPU
		{459542AF-FB64-4789-8B30-4DACD9B0BC0F}.Release|Any CPU.ActiveCfg = Release|Any CPU
		{459542AF-FB64-4789-8B30-4DACD9B0BC0F}.Release|Any CPU.Build.0 = Release|Any CPU
	EndGlobalSection
	GlobalSection(SolutionProperties) = preSolution
		HideSolutionNode = FALSE
	EndGlobalSection
	GlobalSection(ExtensibilityGlobals) = postSolution
		SolutionGuid = {0C1F7BC3-9FE7-4AB0-A798-B7B46D6E925F}
	EndGlobalSection
EndGlobal
